
Microsoft Visual Studio Solution File, Format Version 12.00
# Visual Studio Version 16
VisualStudioVersion = 16.0.30413.136
MinimumVisualStudioVersion = 10.0.40219.1
Project("{FAE04EC0-301F-11D3-BF4B-00C04F79EFBC}") = "VytasCinema", "VytasCinema\VytasCinema.csproj", "{226C7AA6-DABB-4127-850B-F7F2913DAA3B}"
EndProject
Global
	GlobalSection(SolutionConfigurationPlatforms) = preSolution
		Debug|Any CPU = Debug|Any CPU
		Release|Any CPU = Release|Any CPU
	EndGlobalSection
	GlobalSection(ProjectConfigurationPlatforms) = postSolution
		{226C7AA6-DABB-4127-850B-F7F2913DAA3B}.Debug|Any CPU.ActiveCfg = Debug|Any CPU
		{226C7AA6-DABB-4127-850B-F7F2913DAA3B}.Debug|Any CPU.Build.0 = Debug|Any CPU
		{226C7AA6-DABB-4127-850B-F7F2913DAA3B}.Release|Any CPU.ActiveCfg = Release|Any CPU
		{226C7AA6-DABB-4127-850B-F7F2913DAA3B}.Release|Any CPU.Build.0 = Release|Any CPU
	EndGlobalSection
	GlobalSection(SolutionProperties) = preSolution
		HideSolutionNode = FALSE
	EndGlobalSection
	GlobalSection(ExtensibilityGlobals) = postSolution
		SolutionGuid = {18E19EAA-A947-47B0-AF0B-344838D66A6A}
	EndGlobalSection
EndGlobal
